// !$*UTF8*$!
{
	archiveVersion = 1;
	classes = {
	};
	objectVersion = 48;
	objects = {

/* Begin PBXBuildFile section */
		091A749E2053D737004CEB3C /* AppDelegate.m in Sources */ = {isa = PBXBuildFile; fileRef = 091A749D2053D737004CEB3C /* AppDelegate.m */; };
		091A74A12053D737004CEB3C /* ViewController.m in Sources */ = {isa = PBXBuildFile; fileRef = 091A74A02053D737004CEB3C /* ViewController.m */; };
		091A74A42053D737004CEB3C /* Main.storyboard in Resources */ = {isa = PBXBuildFile; fileRef = 091A74A22053D737004CEB3C /* Main.storyboard */; };
		091A74A62053D737004CEB3C /* Assets.xcassets in Resources */ = {isa = PBXBuildFile; fileRef = 091A74A52053D737004CEB3C /* Assets.xcassets */; };
		091A74A92053D737004CEB3C /* LaunchScreen.storyboard in Resources */ = {isa = PBXBuildFile; fileRef = 091A74A72053D737004CEB3C /* LaunchScreen.storyboard */; };
		091A74AC2053D737004CEB3C /* main.m in Sources */ = {isa = PBXBuildFile; fileRef = 091A74AB2053D737004CEB3C /* main.m */; };
		091A74B62053D737004CEB3C /* baiduTests.m in Sources */ = {isa = PBXBuildFile; fileRef = 091A74B52053D737004CEB3C /* baiduTests.m */; };
		091A74C12053D737004CEB3C /* baiduUITests.m in Sources */ = {isa = PBXBuildFile; fileRef = 091A74C02053D737004CEB3C /* baiduUITests.m */; };
/* End PBXBuildFile section */

/* Begin PBXContainerItemProxy section */
		091A74B22053D737004CEB3C /* PBXContainerItemProxy */ = {
			isa = PBXContainerItemProxy;
			containerPortal = 091A74912053D737004CEB3C /* Project object */;
			proxyType = 1;
			remoteGlobalIDString = 091A74982053D737004CEB3C;
			remoteInfo = baidu;
		};
		091A74BD2053D737004CEB3C /* PBXContainerItemProxy */ = {
			isa = PBXContainerItemProxy;
			containerPortal = 091A74912053D737004CEB3C /* Project object */;
			proxyType = 1;
			remoteGlobalIDString = 091A74982053D737004CEB3C;
			remoteInfo = baidu;
		};
/* End PBXContainerItemProxy section */

/* Begin PBXFileReference section */
		091A74992053D737004CEB3C /* baidu.app */ = {isa = PBXFileReference; explicitFileType = wrapper.application; includeInIndex = 0; path = baidu.app; sourceTree = BUILT_PRODUCTS_DIR; };
		091A749C2053D737004CEB3C /* AppDelegate.h */ = {isa = PBXFileReference; lastKnownFileType = sourcecode.c.h; path = AppDelegate.h; sourceTree = "<group>"; };
		091A749D2053D737004CEB3C /* AppDelegate.m */ = {isa = PBXFileReference; lastKnownFileType = sourcecode.c.objc; path = AppDelegate.m; sourceTree = "<group>"; };
		091A749F2053D737004CEB3C /* ViewController.h */ = {isa = PBXFileReference; lastKnownFileType = sourcecode.c.h; path = ViewController.h; sourceTree = "<group>"; };
		091A74A02053D737004CEB3C /* ViewController.m */ = {isa = PBXFileReference; lastKnownFileType = sourcecode.c.objc; path = ViewController.m; sourceTree = "<group>"; };
		091A74A32053D737004CEB3C /* Base */ = {isa = PBXFileReference; lastKnownFileType = file.storyboard; name = Base; path = Base.lproj/Main.storyboard; sourceTree = "<group>"; };
		091A74A52053D737004CEB3C /* Assets.xcassets */ = {isa = PBXFileReference; lastKnownFileType = folder.assetcatalog; path = Assets.xcassets; sourceTree = "<group>"; };
		091A74A82053D737004CEB3C /* Base */ = {isa = PBXFileReference; lastKnownFileType = file.storyboard; name = Base; path = Base.lproj/LaunchScreen.storyboard; sourceTree = "<group>"; };
		091A74AA2053D737004CEB3C /* Info.plist */ = {isa = PBXFileReference; lastKnownFileType = text.plist.xml; path = Info.plist; sourceTree = "<group>"; };
		091A74AB2053D737004CEB3C /* main.m */ = {isa = PBXFileReference; lastKnownFileType = sourcecode.c.objc; path = main.m; sourceTree = "<group>"; };
		091A74B12053D737004CEB3C /* baiduTests.xctest */ = {isa = PBXFileReference; explicitFileType = wrapper.cfbundle; includeInIndex = 0; path = baiduTests.xctest; sourceTree = BUILT_PRODUCTS_DIR; };
		091A74B52053D737004CEB3C /* baiduTests.m */ = {isa = PBXFileReference; lastKnownFileType = sourcecode.c.objc; path = baiduTests.m; sourceTree = "<group>"; };
		091A74B72053D737004CEB3C /* Info.plist */ = {isa = PBXFileReference; lastKnownFileType = text.plist.xml; path = Info.plist; sourceTree = "<group>"; };
		091A74BC2053D737004CEB3C /* baiduUITests.xctest */ = {isa = PBXFileReference; explicitFileType = wrapper.cfbundle; includeInIndex = 0; path = baiduUITests.xctest; sourceTree = BUILT_PRODUCTS_DIR; };
		091A74C02053D737004CEB3C /* baiduUITests.m */ = {isa = PBXFileReference; lastKnownFileType = sourcecode.c.objc; path = baiduUITests.m; sourceTree = "<group>"; };
		091A74C22053D737004CEB3C /* Info.plist */ = {isa = PBXFileReference; lastKnownFileType = text.plist.xml; path = Info.plist; sourceTree = "<group>"; };
/* End PBXFileReference section */

/* Begin PBXFrameworksBuildPhase section */
		091A74962053D737004CEB3C /* Frameworks */ = {
			isa = PBXFrameworksBuildPhase;
			buildActionMask = 2147483647;
			files = (
			);
			runOnlyForDeploymentPostprocessing = 0;
		};
		091A74AE2053D737004CEB3C /* Frameworks */ = {
			isa = PBXFrameworksBuildPhase;
			buildActionMask = 2147483647;
			files = (
			);
			runOnlyForDeploymentPostprocessing = 0;
		};
		091A74B92053D737004CEB3C /* Frameworks */ = {
			isa = PBXFrameworksBuildPhase;
			buildActionMask = 2147483647;
			files = (
			);
			runOnlyForDeploymentPostprocessing = 0;
		};
/* End PBXFrameworksBuildPhase section */

/* Begin PBXGroup section */
		091A74902053D737004CEB3C = {
			isa = PBXGroup;
			children = (
				091A749B2053D737004CEB3C /* baidu */,
				091A74B42053D737004CEB3C /* baiduTests */,
				091A74BF2053D737004CEB3C /* baiduUITests */,
				091A749A2053D737004CEB3C /* Products */,
			);
			sourceTree = "<group>";
		};
		091A749A2053D737004CEB3C /* Products */ = {
			isa = PBXGroup;
			children = (
				091A74992053D737004CEB3C /* baidu.app */,
				091A74B12053D737004CEB3C /* baiduTests.xctest */,
				091A74BC2053D737004CEB3C /* baiduUITests.xctest */,
			);
			name = Products;
			sourceTree = "<group>";
		};
		091A749B2053D737004CEB3C /* baidu */ = {
			isa = PBXGroup;
			children = (
				091A749C2053D737004CEB3C /* AppDelegate.h */,
				091A749D2053D737004CEB3C /* AppDelegate.m */,
				091A749F2053D737004CEB3C /* ViewController.h */,
				091A74A02053D737004CEB3C /* ViewController.m */,
				091A74A22053D737004CEB3C /* Main.storyboard */,
				091A74A52053D737004CEB3C /* Assets.xcassets */,
				091A74A72053D737004CEB3C /* LaunchScreen.storyboard */,
				091A74AA2053D737004CEB3C /* Info.plist */,
				091A74AB2053D737004CEB3C /* main.m */,
			);
			path = baidu;
			sourceTree = "<group>";
		};
		091A74B42053D737004CEB3C /* baiduTests */ = {
			isa = PBXGroup;
			children = (
				091A74B52053D737004CEB3C /* baiduTests.m */,
				091A74B72053D737004CEB3C /* Info.plist */,
			);
			path = baiduTests;
			sourceTree = "<group>";
		};
		091A74BF2053D737004CEB3C /* baiduUITests */ = {
			isa = PBXGroup;
			children = (
				091A74C02053D737004CEB3C /* baiduUITests.m */,
				091A74C22053D737004CEB3C /* Info.plist */,
			);
			path = baiduUITests;
			sourceTree = "<group>";
		};
/* End PBXGroup section */

/* Begin PBXNativeTarget section */
		091A74982053D737004CEB3C /* baidu */ = {
			isa = PBXNativeTarget;
			buildConfigurationList = 091A74C52053D737004CEB3C /* Build configuration list for PBXNativeTarget "baidu" */;
			buildPhases = (
				091A74952053D737004CEB3C /* Sources */,
				091A74962053D737004CEB3C /* Frameworks */,
				091A74972053D737004CEB3C /* Resources */,
			);
			buildRules = (
			);
			dependencies = (
			);
			name = baidu;
			productName = baidu;
			productReference = 091A74992053D737004CEB3C /* baidu.app */;
			productType = "com.apple.product-type.application";
		};
		091A74B02053D737004CEB3C /* baiduTests */ = {
			isa = PBXNativeTarget;
			buildConfigurationList = 091A74C82053D737004CEB3C /* Build configuration list for PBXNativeTarget "baiduTests" */;
			buildPhases = (
				091A74AD2053D737004CEB3C /* Sources */,
				091A74AE2053D737004CEB3C /* Frameworks */,
				091A74AF2053D737004CEB3C /* Resources */,
			);
			buildRules = (
			);
			dependencies = (
				091A74B32053D737004CEB3C /* PBXTargetDependency */,
			);
			name = baiduTests;
			productName = baiduTests;
			productReference = 091A74B12053D737004CEB3C /* baiduTests.xctest */;
			productType = "com.apple.product-type.bundle.unit-test";
		};
		091A74BB2053D737004CEB3C /* baiduUITests */ = {
			isa = PBXNativeTarget;
			buildConfigurationList = 091A74CB2053D737004CEB3C /* Build configuration list for PBXNativeTarget "baiduUITests" */;
			buildPhases = (
				091A74B82053D737004CEB3C /* Sources */,
				091A74B92053D737004CEB3C /* Frameworks */,
				091A74BA2053D737004CEB3C /* Resources */,
			);
			buildRules = (
			);
			dependencies = (
				091A74BE2053D737004CEB3C /* PBXTargetDependency */,
			);
			name = baiduUITests;
			productName = baiduUITests;
			productReference = 091A74BC2053D737004CEB3C /* baiduUITests.xctest */;
			productType = "com.apple.product-type.bundle.ui-testing";
		};
/* End PBXNativeTarget section */

/* Begin PBXProject section */
		091A74912053D737004CEB3C /* Project object */ = {
			isa = PBXProject;
			attributes = {
				LastUpgradeCheck = 0920;
				ORGANIZATIONNAME = yinzuodev;
				TargetAttributes = {
					091A74982053D737004CEB3C = {
						CreatedOnToolsVersion = 9.2;
						ProvisioningStyle = Automatic;
					};
					091A74B02053D737004CEB3C = {
						CreatedOnToolsVersion = 9.2;
						ProvisioningStyle = Automatic;
						TestTargetID = 091A74982053D737004CEB3C;
					};
					091A74BB2053D737004CEB3C = {
						CreatedOnToolsVersion = 9.2;
						ProvisioningStyle = Automatic;
						TestTargetID = 091A74982053D737004CEB3C;
					};
				};
			};
			buildConfigurationList = 091A74942053D737004CEB3C /* Build configuration list for PBXProject "baidu" */;
			compatibilityVersion = "Xcode 8.0";
			developmentRegion = en;
			hasScannedForEncodings = 0;
			knownRegions = (
				en,
				Base,
			);
			mainGroup = 091A74902053D737004CEB3C;
			productRefGroup = 091A749A2053D737004CEB3C /* Products */;
			projectDirPath = "";
			projectRoot = "";
			targets = (
				091A74982053D737004CEB3C /* baidu */,
				091A74B02053D737004CEB3C /* baiduTests */,
				091A74BB2053D737004CEB3C /* baiduUITests */,
			);
		};
/* End PBXProject section */

/* Begin PBXResourcesBuildPhase section */
		091A74972053D737004CEB3C /* Resources */ = {
			isa = PBXResourcesBuildPhase;
			buildActionMask = 2147483647;
			files = (
				091A74A92053D737004CEB3C /* LaunchScreen.storyboard in Resources */,
				091A74A62053D737004CEB3C /* Assets.xcassets in Resources */,
				091A74A42053D737004CEB3C /* Main.storyboard in Resources */,
			);
			runOnlyForDeploymentPostprocessing = 0;
		};
		091A74AF2053D737004CEB3C /* Resources */ = {
			isa = PBXResourcesBuildPhase;
			buildActionMask = 2147483647;
			files = (
			);
			runOnlyForDeploymentPostprocessing = 0;
		};
		091A74BA2053D737004CEB3C /* Resources */ = {
			isa = PBXResourcesBuildPhase;
			buildActionMask = 2147483647;
			files = (
			);
			runOnlyForDeploymentPostprocessing = 0;
		};
/* End PBXResourcesBuildPhase section */

/* Begin PBXSourcesBuildPhase section */
		091A74952053D737004CEB3C /* Sources */ = {
			isa = PBXSourcesBuildPhase;
			buildActionMask = 2147483647;
			files = (
				091A74A12053D737004CEB3C /* ViewController.m in Sources */,
				091A74AC2053D737004CEB3C /* main.m in Sources */,
				091A749E2053D737004CEB3C /* AppDelegate.m in Sources */,
			);
			runOnlyForDeploymentPostprocessing = 0;
		};
		091A74AD2053D737004CEB3C /* Sources */ = {
			isa = PBXSourcesBuildPhase;
			buildActionMask = 2147483647;
			files = (
				091A74B62053D737004CEB3C /* baiduTests.m in Sources */,
			);
			runOnlyForDeploymentPostprocessing = 0;
		};
		091A74B82053D737004CEB3C /* Sources */ = {
			isa = PBXSourcesBuildPhase;
			buildActionMask = 2147483647;
			files = (
				091A74C12053D737004CEB3C /* baiduUITests.m in Sources */,
			);
			runOnlyForDeploymentPostprocessing = 0;
		};
/* End PBXSourcesBuildPhase section */

/* Begin PBXTargetDependency section */
		091A74B32053D737004CEB3C /* PBXTargetDependency */ = {
			isa = PBXTargetDependency;
			target = 091A74982053D737004CEB3C /* baidu */;
			targetProxy = 091A74B22053D737004CEB3C /* PBXContainerItemProxy */;
		};
		091A74BE2053D737004CEB3C /* PBXTargetDependency */ = {
			isa = PBXTargetDependency;
			target = 091A74982053D737004CEB3C /* baidu */;
			targetProxy = 091A74BD2053D737004CEB3C /* PBXContainerItemProxy */;
		};
/* End PBXTargetDependency section */

/* Begin PBXVariantGroup section */
		091A74A22053D737004CEB3C /* Main.storyboard */ = {
			isa = PBXVariantGroup;
			children = (
				091A74A32053D737004CEB3C /* Base */,
			);
			name = Main.storyboard;
			sourceTree = "<group>";
		};
		091A74A72053D737004CEB3C /* LaunchScreen.storyboard */ = {
			isa = PBXVariantGroup;
			children = (
				091A74A82053D737004CEB3C /* Base */,
			);
			name = LaunchScreen.storyboard;
			sourceTree = "<group>";
		};
/* End PBXVariantGroup section */

/* Begin XCBuildConfiguration section */
		091A74C32053D737004CEB3C /* Debug */ = {
			isa = XCBuildConfiguration;
			buildSettings = {
				ALWAYS_SEARCH_USER_PATHS = NO;
				CLANG_ANALYZER_NONNULL = YES;
				CLANG_ANALYZER_NUMBER_OBJECT_CONVERSION = YES_AGGRESSIVE;
				CLANG_CXX_LANGUAGE_STANDARD = "gnu++14";
				CLANG_CXX_LIBRARY = "libc++";
				CLANG_ENABLE_MODULES = YES;
				CLANG_ENABLE_OBJC_ARC = YES;
				CLANG_WARN_BLOCK_CAPTURE_AUTORELEASING = YES;
				CLANG_WARN_BOOL_CONVERSION = YES;
				CLANG_WARN_COMMA = YES;
				CLANG_WARN_CONSTANT_CONVERSION = YES;
				CLANG_WARN_DIRECT_OBJC_ISA_USAGE = YES_ERROR;
				CLANG_WARN_DOCUMENTATION_COMMENTS = YES;
				CLANG_WARN_EMPTY_BODY = YES;
				CLANG_WARN_ENUM_CONVERSION = YES;
				CLANG_WARN_INFINITE_RECURSION = YES;
				CLANG_WARN_INT_CONVERSION = YES;
				CLANG_WARN_NON_LITERAL_NULL_CONVERSION = YES;
				CLANG_WARN_OBJC_LITERAL_CONVERSION = YES;
				CLANG_WARN_OBJC_ROOT_CLASS = YES_ERROR;
				CLANG_WARN_RANGE_LOOP_ANALYSIS = YES;
				CLANG_WARN_STRICT_PROTOTYPES = YES;
				CLANG_WARN_SUSPICIOUS_MOVE = YES;
				CLANG_WARN_UNGUARDED_AVAILABILITY = YES_AGGRESSIVE;
				CLANG_WARN_UNREACHABLE_CODE = YES;
				CLANG_WARN__DUPLICATE_METHOD_MATCH = YES;
				CODE_SIGN_IDENTITY = "iPhone Developer";
				COPY_PHASE_STRIP = NO;
				DEBUG_INFORMATION_FORMAT = dwarf;
				ENABLE_STRICT_OBJC_MSGSEND = YES;
				ENABLE_TESTABILITY = YES;
				GCC_C_LANGUAGE_STANDARD = gnu11;
				GCC_DYNAMIC_NO_PIC = NO;
				GCC_NO_COMMON_BLOCKS = YES;
				GCC_OPTIMIZATION_LEVEL = 0;
				GCC_PREPROCESSOR_DEFINITIONS = (
					"DEBUG=1",
					"$(inherited)",
				);
				GCC_WARN_64_TO_32_BIT_CONVERSION = YES;
				GCC_WARN_ABOUT_RETURN_TYPE = YES_ERROR;
				GCC_WARN_UNDECLARED_SELECTOR = YES;
				GCC_WARN_UNINITIALIZED_AUTOS = YES_AGGRESSIVE;
				GCC_WARN_UNUSED_FUNCTION = YES;
				GCC_WARN_UNUSED_VARIABLE = YES;
				IPHONEOS_DEPLOYMENT_TARGET = 11.2;
				MTL_ENABLE_DEBUG_INFO = YES;
				ONLY_ACTIVE_ARCH = YES;
				SDKROOT = iphoneos;
			};
			name = Debug;
		};
		091A74C42053D737004CEB3C /* Release */ = {
			isa = XCBuildConfiguration;
			buildSettings = {
				ALWAYS_SEARCH_USER_PATHS = NO;
				CLANG_ANALYZER_NONNULL = YES;
				CLANG_ANALYZER_NUMBER_OBJECT_CONVERSION = YES_AGGRESSIVE;
				CLANG_CXX_LANGUAGE_STANDARD = "gnu++14";
				CLANG_CXX_LIBRARY = "libc++";
				CLANG_ENABLE_MODULES = YES;
				CLANG_ENABLE_OBJC_ARC = YES;
				CLANG_WARN_BLOCK_CAPTURE_AUTORELEASING = YES;
				CLANG_WARN_BOOL_CONVERSION = YES;
				CLANG_WARN_COMMA = YES;
				CLANG_WARN_CONSTANT_CONVERSION = YES;
				CLANG_WARN_DIRECT_OBJC_ISA_USAGE = YES_ERROR;
				CLANG_WARN_DOCUMENTATION_COMMENTS = YES;
				CLANG_WARN_EMPTY_BODY = YES;
				CLANG_WARN_ENUM_CONVERSION = YES;
				CLANG_WARN_INFINITE_RECURSION = YES;
				CLANG_WARN_INT_CONVERSION = YES;
				CLANG_WARN_NON_LITERAL_NULL_CONVERSION = YES;
				CLANG_WARN_OBJC_LITERAL_CONVERSION = YES;
				CLANG_WARN_OBJC_ROOT_CLASS = YES_ERROR;
				CLANG_WARN_RANGE_LOOP_ANALYSIS = YES;
				CLANG_WARN_STRICT_PROTOTYPES = YES;
				CLANG_WARN_SUSPICIOUS_MOVE = YES;
				CLANG_WARN_UNGUARDED_AVAILABILITY = YES_AGGRESSIVE;
				CLANG_WARN_UNREACHABLE_CODE = YES;
				CLANG_WARN__DUPLICATE_METHOD_MATCH = YES;
				CODE_SIGN_IDENTITY = "iPhone Developer";
				COPY_PHASE_STRIP = NO;
				DEBUG_INFORMATION_FORMAT = "dwarf-with-dsym";
				ENABLE_NS_ASSERTIONS = NO;
				ENABLE_STRICT_OBJC_MSGSEND = YES;
				GCC_C_LANGUAGE_STANDARD = gnu11;
				GCC_NO_COMMON_BLOCKS = YES;
				GCC_WARN_64_TO_32_BIT_CONVERSION = YES;
				GCC_WARN_ABOUT_RETURN_TYPE = YES_ERROR;
				GCC_WARN_UNDECLARED_SELECTOR = YES;
				GCC_WARN_UNINITIALIZED_AUTOS = YES_AGGRESSIVE;
				GCC_WARN_UNUSED_FUNCTION = YES;
				GCC_WARN_UNUSED_VARIABLE = YES;
				IPHONEOS_DEPLOYMENT_TARGET = 11.2;
				MTL_ENABLE_DEBUG_INFO = NO;
				SDKROOT = iphoneos;
				VALIDATE_PRODUCT = YES;
			};
			name = Release;
		};
		091A74C62053D737004CEB3C /* Debug */ = {
			isa = XCBuildConfiguration;
			buildSettings = {
				ASSETCATALOG_COMPILER_APPICON_NAME = AppIcon;
				CODE_SIGN_STYLE = Automatic;
				INFOPLIST_FILE = baidu/Info.plist;
				LD_RUNPATH_SEARCH_PATHS = "$(inherited) @executable_path/Frameworks";
				PRODUCT_BUNDLE_IDENTIFIER = yz.baidu;
				PRODUCT_NAME = "$(TARGET_NAME)";
				TARGETED_DEVICE_FAMILY = "1,2";
			};
			name = Debug;
		};
		091A74C72053D737004CEB3C /* Release */ = {
			isa = XCBuildConfiguration;
			buildSettings = {
				ASSETCATALOG_COMPILER_APPICON_NAME = AppIcon;
				CODE_SIGN_STYLE = Automatic;
				INFOPLIST_FILE = baidu/Info.plist;
				LD_RUNPATH_SEARCH_PATHS = "$(inherited) @executable_path/Frameworks";
				PRODUCT_BUNDLE_IDENTIFIER = yz.baidu;
				PRODUCT_NAME = "$(TARGET_NAME)";
				TARGETED_DEVICE_FAMILY = "1,2";
			};
			name = Release;
		};
		091A74C92053D737004CEB3C /* Debug */ = {
			isa = XCBuildConfiguration;
			buildSettings = {
				BUNDLE_LOADER = "$(TEST_HOST)";
				CODE_SIGN_STYLE = Automatic;
				INFOPLIST_FILE = baiduTests/Info.plist;
				LD_RUNPATH_SEARCH_PATHS = "$(inherited) @executable_path/Frameworks @loader_path/Frameworks";
				PRODUCT_BUNDLE_IDENTIFIER = yz.baiduTests;
				PRODUCT_NAME = "$(TARGET_NAME)";
				TARGETED_DEVICE_FAMILY = "1,2";
				TEST_HOST = "$(BUILT_PRODUCTS_DIR)/baidu.app/baidu";
			};
			name = Debug;
		};
		091A74CA2053D737004CEB3C /* Release */ = {
			isa = XCBuildConfiguration;
			buildSettings = {
				BUNDLE_LOADER = "$(TEST_HOST)";
				CODE_SIGN_STYLE = Automatic;
				INFOPLIST_FILE = baiduTests/Info.plist;
				LD_RUNPATH_SEARCH_PATHS = "$(inherited) @executable_path/Frameworks @loader_path/Frameworks";
				PRODUCT_BUNDLE_IDENTIFIER = yz.baiduTests;
				PRODUCT_NAME = "$(TARGET_NAME)";
				TARGETED_DEVICE_FAMILY = "1,2";
				TEST_HOST = "$(BUILT_PRODUCTS_DIR)/baidu.app/baidu";
			};
			name = Release;
		};
		091A74CC2053D737004CEB3C /* Debug */ = {
			isa = XCBuildConfiguration;
			buildSettings = {
				CODE_SIGN_STYLE = Automatic;
				INFOPLIST_FILE = baiduUITests/Info.plist;
				LD_RUNPATH_SEARCH_PATHS = "$(inherited) @executable_path/Frameworks @loader_path/Frameworks";
				PRODUCT_BUNDLE_IDENTIFIER = yz.baiduUITests;
				PRODUCT_NAME = "$(TARGET_NAME)";
				TARGETED_DEVICE_FAMILY = "1,2";
				TEST_TARGET_NAME = baidu;
			};
			name = Debug;
		};
		091A74CD2053D737004CEB3C /* Release */ = {
			isa = XCBuildConfiguration;
			buildSettings = {
				CODE_SIGN_STYLE = Automatic;
				INFOPLIST_FILE = baiduUITests/Info.plist;
				LD_RUNPATH_SEARCH_PATHS = "$(inherited) @executable_path/Frameworks @loader_path/Frameworks";
				PRODUCT_BUNDLE_IDENTIFIER = yz.baiduUITests;
				PRODUCT_NAME = "$(TARGET_NAME)";
				TARGETED_DEVICE_FAMILY = "1,2";
				TEST_TARGET_NAME = baidu;
			};
			name = Release;
		};
/* End XCBuildConfiguration section */

/* Begin XCConfigurationList section */
		091A74942053D737004CEB3C /* Build configuration list for PBXProject "baidu" */ = {
			isa = XCConfigurationList;
			buildConfigurations = (
				091A74C32053D737004CEB3C /* Debug */,
				091A74C42053D737004CEB3C /* Release */,
			);
			defaultConfigurationIsVisible = 0;
			defaultConfigurationName = Release;
		};
		091A74C52053D737004CEB3C /* Build configuration list for PBXNativeTarget "baidu" */ = {
			isa = XCConfigurationList;
			buildConfigurations = (
				091A74C62053D737004CEB3C /* Debug */,
				091A74C72053D737004CEB3C /* Release */,
			);
			defaultConfigurationIsVisible = 0;
			defaultConfigurationName = Release;
		};
		091A74C82053D737004CEB3C /* Build configuration list for PBXNativeTarget "baiduTests" */ = {
			isa = XCConfigurationList;
			buildConfigurations = (
				091A74C92053D737004CEB3C /* Debug */,
				091A74CA2053D737004CEB3C /* Release */,
			);
			defaultConfigurationIsVisible = 0;
			defaultConfigurationName = Release;
		};
		091A74CB2053D737004CEB3C /* Build configuration list for PBXNativeTarget "baiduUITests" */ = {
			isa = XCConfigurationList;
			buildConfigurations = (
				091A74CC2053D737004CEB3C /* Debug */,
				091A74CD2053D737004CEB3C /* Release */,
			);
			defaultConfigurationIsVisible = 0;
			defaultConfigurationName = Release;
		};
/* End XCConfigurationList section */
	};
	rootObject = 091A74912053D737004CEB3C /* Project object */;
}
